// !$*UTF8*$!
{
	archiveVersion = 1;
	classes = {
	};
	objectVersion = 50;
	objects = {

/* Begin PBXBuildFile section */
		D91B06F722CFECAB009A8D5B /* AppDelegate.swift in Sources */ = {isa = PBXBuildFile; fileRef = D91B06F622CFECAB009A8D5B /* AppDelegate.swift */; };
		D91B06F922CFECAB009A8D5B /* ViewController.swift in Sources */ = {isa = PBXBuildFile; fileRef = D91B06F822CFECAB009A8D5B /* ViewController.swift */; };
		D91B06FC22CFECAB009A8D5B /* Main.storyboard in Resources */ = {isa = PBXBuildFile; fileRef = D91B06FA22CFECAB009A8D5B /* Main.storyboard */; };
		D91B06FF22CFECAB009A8D5B /* Photos.xcdatamodeld in Sources */ = {isa = PBXBuildFile; fileRef = D91B06FD22CFECAB009A8D5B /* Photos.xcdatamodeld */; };
		D91B070122CFECAC009A8D5B /* Assets.xcassets in Resources */ = {isa = PBXBuildFile; fileRef = D91B070022CFECAC009A8D5B /* Assets.xcassets */; };
		D91B070422CFECAC009A8D5B /* LaunchScreen.storyboard in Resources */ = {isa = PBXBuildFile; fileRef = D91B070222CFECAC009A8D5B /* LaunchScreen.storyboard */; };
		D91B070F22CFECAC009A8D5B /* PhotosTests.swift in Sources */ = {isa = PBXBuildFile; fileRef = D91B070E22CFECAC009A8D5B /* PhotosTests.swift */; };
		D91B071A22CFECAC009A8D5B /* PhotosUITests.swift in Sources */ = {isa = PBXBuildFile; fileRef = D91B071922CFECAC009A8D5B /* PhotosUITests.swift */; };
		D91B072822CFF1D9009A8D5B /* ImageViewController.swift in Sources */ = {isa = PBXBuildFile; fileRef = D91B072722CFF1D9009A8D5B /* ImageViewController.swift */; };
		D91B072B22D01C5B009A8D5B /* Note+CoreDataClass.swift in Sources */ = {isa = PBXBuildFile; fileRef = D91B072922D01C5B009A8D5B /* Note+CoreDataClass.swift */; };
		D91B072C22D01C5B009A8D5B /* Note+CoreDataProperties.swift in Sources */ = {isa = PBXBuildFile; fileRef = D91B072A22D01C5B009A8D5B /* Note+CoreDataProperties.swift */; };
/* End PBXBuildFile section */

/* Begin PBXContainerItemProxy section */
		D91B070B22CFECAC009A8D5B /* PBXContainerItemProxy */ = {
			isa = PBXContainerItemProxy;
			containerPortal = D91B06EB22CFECAB009A8D5B /* Project object */;
			proxyType = 1;
			remoteGlobalIDString = D91B06F222CFECAB009A8D5B;
			remoteInfo = Photos;
		};
		D91B071622CFECAC009A8D5B /* PBXContainerItemProxy */ = {
			isa = PBXContainerItemProxy;
			containerPortal = D91B06EB22CFECAB009A8D5B /* Project object */;
			proxyType = 1;
			remoteGlobalIDString = D91B06F222CFECAB009A8D5B;
			remoteInfo = Photos;
		};
/* End PBXContainerItemProxy section */

/* Begin PBXFileReference section */
		D91B06F322CFECAB009A8D5B /* Photos.app */ = {isa = PBXFileReference; explicitFileType = wrapper.application; includeInIndex = 0; path = Photos.app; sourceTree = BUILT_PRODUCTS_DIR; };
		D91B06F622CFECAB009A8D5B /* AppDelegate.swift */ = {isa = PBXFileReference; lastKnownFileType = sourcecode.swift; path = AppDelegate.swift; sourceTree = "<group>"; };
		D91B06F822CFECAB009A8D5B /* ViewController.swift */ = {isa = PBXFileReference; lastKnownFileType = sourcecode.swift; path = ViewController.swift; sourceTree = "<group>"; };
		D91B06FB22CFECAB009A8D5B /* Base */ = {isa = PBXFileReference; lastKnownFileType = file.storyboard; name = Base; path = Base.lproj/Main.storyboard; sourceTree = "<group>"; };
		D91B06FE22CFECAB009A8D5B /* Photos.xcdatamodel */ = {isa = PBXFileReference; lastKnownFileType = wrapper.xcdatamodel; path = Photos.xcdatamodel; sourceTree = "<group>"; };
		D91B070022CFECAC009A8D5B /* Assets.xcassets */ = {isa = PBXFileReference; lastKnownFileType = folder.assetcatalog; path = Assets.xcassets; sourceTree = "<group>"; };
		D91B070322CFECAC009A8D5B /* Base */ = {isa = PBXFileReference; lastKnownFileType = file.storyboard; name = Base; path = Base.lproj/LaunchScreen.storyboard; sourceTree = "<group>"; };
		D91B070522CFECAC009A8D5B /* Info.plist */ = {isa = PBXFileReference; lastKnownFileType = text.plist.xml; path = Info.plist; sourceTree = "<group>"; };
		D91B070A22CFECAC009A8D5B /* PhotosTests.xctest */ = {isa = PBXFileReference; explicitFileType = wrapper.cfbundle; includeInIndex = 0; path = PhotosTests.xctest; sourceTree = BUILT_PRODUCTS_DIR; };
		D91B070E22CFECAC009A8D5B /* PhotosTests.swift */ = {isa = PBXFileReference; lastKnownFileType = sourcecode.swift; path = PhotosTests.swift; sourceTree = "<group>"; };
		D91B071022CFECAC009A8D5B /* Info.plist */ = {isa = PBXFileReference; lastKnownFileType = text.plist.xml; path = Info.plist; sourceTree = "<group>"; };
		D91B071522CFECAC009A8D5B /* PhotosUITests.xctest */ = {isa = PBXFileReference; explicitFileType = wrapper.cfbundle; includeInIndex = 0; path = PhotosUITests.xctest; sourceTree = BUILT_PRODUCTS_DIR; };
		D91B071922CFECAC009A8D5B /* PhotosUITests.swift */ = {isa = PBXFileReference; lastKnownFileType = sourcecode.swift; path = PhotosUITests.swift; sourceTree = "<group>"; };
		D91B071B22CFECAC009A8D5B /* Info.plist */ = {isa = PBXFileReference; lastKnownFileType = text.plist.xml; path = Info.plist; sourceTree = "<group>"; };
		D91B072722CFF1D9009A8D5B /* ImageViewController.swift */ = {isa = PBXFileReference; lastKnownFileType = sourcecode.swift; path = ImageViewController.swift; sourceTree = "<group>"; };
		D91B072922D01C5B009A8D5B /* Note+CoreDataClass.swift */ = {isa = PBXFileReference; lastKnownFileType = sourcecode.swift; path = "Note+CoreDataClass.swift"; sourceTree = "<group>"; };
		D91B072A22D01C5B009A8D5B /* Note+CoreDataProperties.swift */ = {isa = PBXFileReference; lastKnownFileType = sourcecode.swift; path = "Note+CoreDataProperties.swift"; sourceTree = "<group>"; };
/* End PBXFileReference section */

/* Begin PBXFrameworksBuildPhase section */
		D91B06F022CFECAB009A8D5B /* Frameworks */ = {
			isa = PBXFrameworksBuildPhase;
			buildActionMask = 2147483647;
			files = (
			);
			runOnlyForDeploymentPostprocessing = 0;
		};
		D91B070722CFECAC009A8D5B /* Frameworks */ = {
			isa = PBXFrameworksBuildPhase;
			buildActionMask = 2147483647;
			files = (
			);
			runOnlyForDeploymentPostprocessing = 0;
		};
		D91B071222CFECAC009A8D5B /* Frameworks */ = {
			isa = PBXFrameworksBuildPhase;
			buildActionMask = 2147483647;
			files = (
			);
			runOnlyForDeploymentPostprocessing = 0;
		};
/* End PBXFrameworksBuildPhase section */

/* Begin PBXGroup section */
		D91B06EA22CFECAB009A8D5B = {
			isa = PBXGroup;
			children = (
				D91B06F522CFECAB009A8D5B /* Photos */,
				D91B070D22CFECAC009A8D5B /* PhotosTests */,
				D91B071822CFECAC009A8D5B /* PhotosUITests */,
				D91B06F422CFECAB009A8D5B /* Products */,
			);
			sourceTree = "<group>";
		};
		D91B06F422CFECAB009A8D5B /* Products */ = {
			isa = PBXGroup;
			children = (
				D91B06F322CFECAB009A8D5B /* Photos.app */,
				D91B070A22CFECAC009A8D5B /* PhotosTests.xctest */,
				D91B071522CFECAC009A8D5B /* PhotosUITests.xctest */,
			);
			name = Products;
			sourceTree = "<group>";
		};
		D91B06F522CFECAB009A8D5B /* Photos */ = {
			isa = PBXGroup;
			children = (
				D91B072922D01C5B009A8D5B /* Note+CoreDataClass.swift */,
				D91B072A22D01C5B009A8D5B /* Note+CoreDataProperties.swift */,
				D91B06F622CFECAB009A8D5B /* AppDelegate.swift */,
				D91B06F822CFECAB009A8D5B /* ViewController.swift */,
				D91B072722CFF1D9009A8D5B /* ImageViewController.swift */,
				D91B06FA22CFECAB009A8D5B /* Main.storyboard */,
				D91B070022CFECAC009A8D5B /* Assets.xcassets */,
				D91B070222CFECAC009A8D5B /* LaunchScreen.storyboard */,
				D91B070522CFECAC009A8D5B /* Info.plist */,
				D91B06FD22CFECAB009A8D5B /* Photos.xcdatamodeld */,
			);
			path = Photos;
			sourceTree = "<group>";
		};
		D91B070D22CFECAC009A8D5B /* PhotosTests */ = {
			isa = PBXGroup;
			children = (
				D91B070E22CFECAC009A8D5B /* PhotosTests.swift */,
				D91B071022CFECAC009A8D5B /* Info.plist */,
			);
			path = PhotosTests;
			sourceTree = "<group>";
		};
		D91B071822CFECAC009A8D5B /* PhotosUITests */ = {
			isa = PBXGroup;
			children = (
				D91B071922CFECAC009A8D5B /* PhotosUITests.swift */,
				D91B071B22CFECAC009A8D5B /* Info.plist */,
			);
			path = PhotosUITests;
			sourceTree = "<group>";
		};
/* End PBXGroup section */

/* Begin PBXNativeTarget section */
		D91B06F222CFECAB009A8D5B /* Photos */ = {
			isa = PBXNativeTarget;
			buildConfigurationList = D91B071E22CFECAC009A8D5B /* Build configuration list for PBXNativeTarget "Photos" */;
			buildPhases = (
				D91B06EF22CFECAB009A8D5B /* Sources */,
				D91B06F022CFECAB009A8D5B /* Frameworks */,
				D91B06F122CFECAB009A8D5B /* Resources */,
			);
			buildRules = (
			);
			dependencies = (
			);
			name = Photos;
			productName = Photos;
			productReference = D91B06F322CFECAB009A8D5B /* Photos.app */;
			productType = "com.apple.product-type.application";
		};
		D91B070922CFECAC009A8D5B /* PhotosTests */ = {
			isa = PBXNativeTarget;
			buildConfigurationList = D91B072122CFECAC009A8D5B /* Build configuration list for PBXNativeTarget "PhotosTests" */;
			buildPhases = (
				D91B070622CFECAC009A8D5B /* Sources */,
				D91B070722CFECAC009A8D5B /* Frameworks */,
				D91B070822CFECAC009A8D5B /* Resources */,
			);
			buildRules = (
			);
			dependencies = (
				D91B070C22CFECAC009A8D5B /* PBXTargetDependency */,
			);
			name = PhotosTests;
			productName = PhotosTests;
			productReference = D91B070A22CFECAC009A8D5B /* PhotosTests.xctest */;
			productType = "com.apple.product-type.bundle.unit-test";
		};
		D91B071422CFECAC009A8D5B /* PhotosUITests */ = {
			isa = PBXNativeTarget;
			buildConfigurationList = D91B072422CFECAC009A8D5B /* Build configuration list for PBXNativeTarget "PhotosUITests" */;
			buildPhases = (
				D91B071122CFECAC009A8D5B /* Sources */,
				D91B071222CFECAC009A8D5B /* Frameworks */,
				D91B071322CFECAC009A8D5B /* Resources */,
			);
			buildRules = (
			);
			dependencies = (
				D91B071722CFECAC009A8D5B /* PBXTargetDependency */,
			);
			name = PhotosUITests;
			productName = PhotosUITests;
			productReference = D91B071522CFECAC009A8D5B /* PhotosUITests.xctest */;
			productType = "com.apple.product-type.bundle.ui-testing";
		};
/* End PBXNativeTarget section */

/* Begin PBXProject section */
		D91B06EB22CFECAB009A8D5B /* Project object */ = {
			isa = PBXProject;
			attributes = {
				LastSwiftUpdateCheck = 1020;
				LastUpgradeCheck = 1020;
				ORGANIZATIONNAME = "Drew Boowee";
				TargetAttributes = {
					D91B06F222CFECAB009A8D5B = {
						CreatedOnToolsVersion = 10.2.1;
					};
					D91B070922CFECAC009A8D5B = {
						CreatedOnToolsVersion = 10.2.1;
						TestTargetID = D91B06F222CFECAB009A8D5B;
					};
					D91B071422CFECAC009A8D5B = {
						CreatedOnToolsVersion = 10.2.1;
						TestTargetID = D91B06F222CFECAB009A8D5B;
					};
				};
			};
			buildConfigurationList = D91B06EE22CFECAB009A8D5B /* Build configuration list for PBXProject "Photos" */;
			compatibilityVersion = "Xcode 9.3";
			developmentRegion = en;
			hasScannedForEncodings = 0;
			knownRegions = (
				en,
				Base,
			);
			mainGroup = D91B06EA22CFECAB009A8D5B;
			productRefGroup = D91B06F422CFECAB009A8D5B /* Products */;
			projectDirPath = "";
			projectRoot = "";
			targets = (
				D91B06F222CFECAB009A8D5B /* Photos */,
				D91B070922CFECAC009A8D5B /* PhotosTests */,
				D91B071422CFECAC009A8D5B /* PhotosUITests */,
			);
		};
/* End PBXProject section */

/* Begin PBXResourcesBuildPhase section */
		D91B06F122CFECAB009A8D5B /* Resources */ = {
			isa = PBXResourcesBuildPhase;
			buildActionMask = 2147483647;
			files = (
				D91B070422CFECAC009A8D5B /* LaunchScreen.storyboard in Resources */,
				D91B070122CFECAC009A8D5B /* Assets.xcassets in Resources */,
				D91B06FC22CFECAB009A8D5B /* Main.storyboard in Resources */,
			);
			runOnlyForDeploymentPostprocessing = 0;
		};
		D91B070822CFECAC009A8D5B /* Resources */ = {
			isa = PBXResourcesBuildPhase;
			buildActionMask = 2147483647;
			files = (
			);
			runOnlyForDeploymentPostprocessing = 0;
		};
		D91B071322CFECAC009A8D5B /* Resources */ = {
			isa = PBXResourcesBuildPhase;
			buildActionMask = 2147483647;
			files = (
			);
			runOnlyForDeploymentPostprocessing = 0;
		};
/* End PBXResourcesBuildPhase section */

/* Begin PBXSourcesBuildPhase section */
		D91B06EF22CFECAB009A8D5B /* Sources */ = {
			isa = PBXSourcesBuildPhase;
			buildActionMask = 2147483647;
			files = (
				D91B06FF22CFECAB009A8D5B /* Photos.xcdatamodeld in Sources */,
				D91B06F922CFECAB009A8D5B /* ViewController.swift in Sources */,
				D91B072B22D01C5B009A8D5B /* Note+CoreDataClass.swift in Sources */,
				D91B072822CFF1D9009A8D5B /* ImageViewController.swift in Sources */,
				D91B06F722CFECAB009A8D5B /* AppDelegate.swift in Sources */,
				D91B072C22D01C5B009A8D5B /* Note+CoreDataProperties.swift in Sources */,
			);
			runOnlyForDeploymentPostprocessing = 0;
		};
		D91B070622CFECAC009A8D5B /* Sources */ = {
			isa = PBXSourcesBuildPhase;
			buildActionMask = 2147483647;
			files = (
				D91B070F22CFECAC009A8D5B /* PhotosTests.swift in Sources */,
			);
			runOnlyForDeploymentPostprocessing = 0;
		};
		D91B071122CFECAC009A8D5B /* Sources */ = {
			isa = PBXSourcesBuildPhase;
			buildActionMask = 2147483647;
			files = (
				D91B071A22CFECAC009A8D5B /* PhotosUITests.swift in Sources */,
			);
			runOnlyForDeploymentPostprocessing = 0;
		};
/* End PBXSourcesBuildPhase section */

/* Begin PBXTargetDependency section */
		D91B070C22CFECAC009A8D5B /* PBXTargetDependency */ = {
			isa = PBXTargetDependency;
			target = D91B06F222CFECAB009A8D5B /* Photos */;
			targetProxy = D91B070B22CFECAC009A8D5B /* PBXContainerItemProxy */;
		};
		D91B071722CFECAC009A8D5B /* PBXTargetDependency */ = {
			isa = PBXTargetDependency;
			target = D91B06F222CFECAB009A8D5B /* Photos */;
			targetProxy = D91B071622CFECAC009A8D5B /* PBXContainerItemProxy */;
		};
/* End PBXTargetDependency section */

/* Begin PBXVariantGroup section */
		D91B06FA22CFECAB009A8D5B /* Main.storyboard */ = {
			isa = PBXVariantGroup;
			children = (
				D91B06FB22CFECAB009A8D5B /* Base */,
			);
			name = Main.storyboard;
			sourceTree = "<group>";
		};
		D91B070222CFECAC009A8D5B /* LaunchScreen.storyboard */ = {
			isa = PBXVariantGroup;
			children = (
				D91B070322CFECAC009A8D5B /* Base */,
			);
			name = LaunchScreen.storyboard;
			sourceTree = "<group>";
		};
/* End PBXVariantGroup section */

/* Begin XCBuildConfiguration section */
		D91B071C22CFECAC009A8D5B /* Debug */ = {
			isa = XCBuildConfiguration;
			buildSettings = {
				ALWAYS_SEARCH_USER_PATHS = NO;
				CLANG_ANALYZER_NONNULL = YES;
				CLANG_ANALYZER_NUMBER_OBJECT_CONVERSION = YES_AGGRESSIVE;
				CLANG_CXX_LANGUAGE_STANDARD = "gnu++14";
				CLANG_CXX_LIBRARY = "libc++";
				CLANG_ENABLE_MODULES = YES;
				CLANG_ENABLE_OBJC_ARC = YES;
				CLANG_ENABLE_OBJC_WEAK = YES;
				CLANG_WARN_BLOCK_CAPTURE_AUTORELEASING = YES;
				CLANG_WARN_BOOL_CONVERSION = YES;
				CLANG_WARN_COMMA = YES;
				CLANG_WARN_CONSTANT_CONVERSION = YES;
				CLANG_WARN_DEPRECATED_OBJC_IMPLEMENTATIONS = YES;
				CLANG_WARN_DIRECT_OBJC_ISA_USAGE = YES_ERROR;
				CLANG_WARN_DOCUMENTATION_COMMENTS = YES;
				CLANG_WARN_EMPTY_BODY = YES;
				CLANG_WARN_ENUM_CONVERSION = YES;
				CLANG_WARN_INFINITE_RECURSION = YES;
				CLANG_WARN_INT_CONVERSION = YES;
				CLANG_WARN_NON_LITERAL_NULL_CONVERSION = YES;
				CLANG_WARN_OBJC_IMPLICIT_RETAIN_SELF = YES;
				CLANG_WARN_OBJC_LITERAL_CONVERSION = YES;
				CLANG_WARN_OBJC_ROOT_CLASS = YES_ERROR;
				CLANG_WARN_RANGE_LOOP_ANALYSIS = YES;
				CLANG_WARN_STRICT_PROTOTYPES = YES;
				CLANG_WARN_SUSPICIOUS_MOVE = YES;
				CLANG_WARN_UNGUARDED_AVAILABILITY = YES_AGGRESSIVE;
				CLANG_WARN_UNREACHABLE_CODE = YES;
				CLANG_WARN__DUPLICATE_METHOD_MATCH = YES;
				CODE_SIGN_IDENTITY = "iPhone Developer";
				COPY_PHASE_STRIP = NO;
				DEBUG_INFORMATION_FORMAT = dwarf;
				ENABLE_STRICT_OBJC_MSGSEND = YES;
				ENABLE_TESTABILITY = YES;
				GCC_C_LANGUAGE_STANDARD = gnu11;
				GCC_DYNAMIC_NO_PIC = NO;
				GCC_NO_COMMON_BLOCKS = YES;
				GCC_OPTIMIZATION_LEVEL = 0;
				GCC_PREPROCESSOR_DEFINITIONS = (
					"DEBUG=1",
					"$(inherited)",
				);
				GCC_WARN_64_TO_32_BIT_CONVERSION = YES;
				GCC_WARN_ABOUT_RETURN_TYPE = YES_ERROR;
				GCC_WARN_UNDECLARED_SELECTOR = YES;
				GCC_WARN_UNINITIALIZED_AUTOS = YES_AGGRESSIVE;
				GCC_WARN_UNUSED_FUNCTION = YES;
				GCC_WARN_UNUSED_VARIABLE = YES;
				IPHONEOS_DEPLOYMENT_TARGET = 12.2;
				MTL_ENABLE_DEBUG_INFO = INCLUDE_SOURCE;
				MTL_FAST_MATH = YES;
				ONLY_ACTIVE_ARCH = YES;
				SDKROOT = iphoneos;
				SWIFT_ACTIVE_COMPILATION_CONDITIONS = DEBUG;
				SWIFT_OPTIMIZATION_LEVEL = "-Onone";
			};
			name = Debug;
		};
		D91B071D22CFECAC009A8D5B /* Release */ = {
			isa = XCBuildConfiguration;
			buildSettings = {
				ALWAYS_SEARCH_USER_PATHS = NO;
				CLANG_ANALYZER_NONNULL = YES;
				CLANG_ANALYZER_NUMBER_OBJECT_CONVERSION = YES_AGGRESSIVE;
				CLANG_CXX_LANGUAGE_STANDARD = "gnu++14";
				CLANG_CXX_LIBRARY = "libc++";
				CLANG_ENABLE_MODULES = YES;
				CLANG_ENABLE_OBJC_ARC = YES;
				CLANG_ENABLE_OBJC_WEAK = YES;
				CLANG_WARN_BLOCK_CAPTURE_AUTORELEASING = YES;
				CLANG_WARN_BOOL_CONVERSION = YES;
				CLANG_WARN_COMMA = YES;
				CLANG_WARN_CONSTANT_CONVERSION = YES;
				CLANG_WARN_DEPRECATED_OBJC_IMPLEMENTATIONS = YES;
				CLANG_WARN_DIRECT_OBJC_ISA_USAGE = YES_ERROR;
				CLANG_WARN_DOCUMENTATION_COMMENTS = YES;
				CLANG_WARN_EMPTY_BODY = YES;
				CLANG_WARN_ENUM_CONVERSION = YES;
				CLANG_WARN_INFINITE_RECURSION = YES;
				CLANG_WARN_INT_CONVERSION = YES;
				CLANG_WARN_NON_LITERAL_NULL_CONVERSION = YES;
				CLANG_WARN_OBJC_IMPLICIT_RETAIN_SELF = YES;
				CLANG_WARN_OBJC_LITERAL_CONVERSION = YES;
				CLANG_WARN_OBJC_ROOT_CLASS = YES_ERROR;
				CLANG_WARN_RANGE_LOOP_ANALYSIS = YES;
				CLANG_WARN_STRICT_PROTOTYPES = YES;
				CLANG_WARN_SUSPICIOUS_MOVE = YES;
				CLANG_WARN_UNGUARDED_AVAILABILITY = YES_AGGRESSIVE;
				CLANG_WARN_UNREACHABLE_CODE = YES;
				CLANG_WARN__DUPLICATE_METHOD_MATCH = YES;
				CODE_SIGN_IDENTITY = "iPhone Developer";
				COPY_PHASE_STRIP = NO;
				DEBUG_INFORMATION_FORMAT = "dwarf-with-dsym";
				ENABLE_NS_ASSERTIONS = NO;
				ENABLE_STRICT_OBJC_MSGSEND = YES;
				GCC_C_LANGUAGE_STANDARD = gnu11;
				GCC_NO_COMMON_BLOCKS = YES;
				GCC_WARN_64_TO_32_BIT_CONVERSION = YES;
				GCC_WARN_ABOUT_RETURN_TYPE = YES_ERROR;
				GCC_WARN_UNDECLARED_SELECTOR = YES;
				GCC_WARN_UNINITIALIZED_AUTOS = YES_AGGRESSIVE;
				GCC_WARN_UNUSED_FUNCTION = YES;
				GCC_WARN_UNUSED_VARIABLE = YES;
				IPHONEOS_DEPLOYMENT_TARGET = 12.2;
				MTL_ENABLE_DEBUG_INFO = NO;
				MTL_FAST_MATH = YES;
				SDKROOT = iphoneos;
				SWIFT_COMPILATION_MODE = wholemodule;
				SWIFT_OPTIMIZATION_LEVEL = "-O";
				VALIDATE_PRODUCT = YES;
			};
			name = Release;
		};
		D91B071F22CFECAC009A8D5B /* Debug */ = {
			isa = XCBuildConfiguration;
			buildSettings = {
				ASSETCATALOG_COMPILER_APPICON_NAME = AppIcon;
				CODE_SIGN_STYLE = Automatic;
				DEVELOPMENT_TEAM = C4AQ7M48U8;
				INFOPLIST_FILE = Photos/Info.plist;
				LD_RUNPATH_SEARCH_PATHS = (
					"$(inherited)",
					"@executable_path/Frameworks",
				);
				PRODUCT_BUNDLE_IDENTIFIER = com.Andrewbui.Photos;
				PRODUCT_NAME = "$(TARGET_NAME)";
				SWIFT_VERSION = 5.0;
				TARGETED_DEVICE_FAMILY = "1,2";
			};
			name = Debug;
		};
		D91B072022CFECAC009A8D5B /* Release */ = {
			isa = XCBuildConfiguration;
			buildSettings = {
				ASSETCATALOG_COMPILER_APPICON_NAME = AppIcon;
				CODE_SIGN_STYLE = Automatic;
				DEVELOPMENT_TEAM = C4AQ7M48U8;
				INFOPLIST_FILE = Photos/Info.plist;
				LD_RUNPATH_SEARCH_PATHS = (
					"$(inherited)",
					"@executable_path/Frameworks",
				);
				PRODUCT_BUNDLE_IDENTIFIER = com.Andrewbui.Photos;
				PRODUCT_NAME = "$(TARGET_NAME)";
				SWIFT_VERSION = 5.0;
				TARGETED_DEVICE_FAMILY = "1,2";
			};
			name = Release;
		};
		D91B072222CFECAC009A8D5B /* Debug */ = {
			isa = XCBuildConfiguration;
			buildSettings = {
				ALWAYS_EMBED_SWIFT_STANDARD_LIBRARIES = YES;
				BUNDLE_LOADER = "$(TEST_HOST)";
				CODE_SIGN_STYLE = Automatic;
				DEVELOPMENT_TEAM = C4AQ7M48U8;
				INFOPLIST_FILE = PhotosTests/Info.plist;
				LD_RUNPATH_SEARCH_PATHS = (
					"$(inherited)",
					"@executable_path/Frameworks",
					"@loader_path/Frameworks",
				);
				PRODUCT_BUNDLE_IDENTIFIER = com.Andrewbui.PhotosTests;
				PRODUCT_NAME = "$(TARGET_NAME)";
				SWIFT_VERSION = 5.0;
				TARGETED_DEVICE_FAMILY = "1,2";
				TEST_HOST = "$(BUILT_PRODUCTS_DIR)/Photos.app/Photos";
			};
			name = Debug;
		};
		D91B072322CFECAC009A8D5B /* Release */ = {
			isa = XCBuildConfiguration;
			buildSettings = {
				ALWAYS_EMBED_SWIFT_STANDARD_LIBRARIES = YES;
				BUNDLE_LOADER = "$(TEST_HOST)";
				CODE_SIGN_STYLE = Automatic;
				DEVELOPMENT_TEAM = C4AQ7M48U8;
				INFOPLIST_FILE = PhotosTests/Info.plist;
				LD_RUNPATH_SEARCH_PATHS = (
					"$(inherited)",
					"@executable_path/Frameworks",
					"@loader_path/Frameworks",
				);
				PRODUCT_BUNDLE_IDENTIFIER = com.Andrewbui.PhotosTests;
				PRODUCT_NAME = "$(TARGET_NAME)";
				SWIFT_VERSION = 5.0;
				TARGETED_DEVICE_FAMILY = "1,2";
				TEST_HOST = "$(BUILT_PRODUCTS_DIR)/Photos.app/Photos";
			};
			name = Release;
		};
		D91B072522CFECAC009A8D5B /* Debug */ = {
			isa = XCBuildConfiguration;
			buildSettings = {
				ALWAYS_EMBED_SWIFT_STANDARD_LIBRARIES = YES;
				CODE_SIGN_STYLE = Automatic;
				DEVELOPMENT_TEAM = C4AQ7M48U8;
				INFOPLIST_FILE = PhotosUITests/Info.plist;
				LD_RUNPATH_SEARCH_PATHS = (
					"$(inherited)",
					"@executable_path/Frameworks",
					"@loader_path/Frameworks",
				);
				PRODUCT_BUNDLE_IDENTIFIER = com.Andrewbui.PhotosUITests;
				PRODUCT_NAME = "$(TARGET_NAME)";
				SWIFT_VERSION = 5.0;
				TARGETED_DEVICE_FAMILY = "1,2";
				TEST_TARGET_NAME = Photos;
			};
			name = Debug;
		};
		D91B072622CFECAC009A8D5B /* Release */ = {
			isa = XCBuildConfiguration;
			buildSettings = {
				ALWAYS_EMBED_SWIFT_STANDARD_LIBRARIES = YES;
				CODE_SIGN_STYLE = Automatic;
				DEVELOPMENT_TEAM = C4AQ7M48U8;
				INFOPLIST_FILE = PhotosUITests/Info.plist;
				LD_RUNPATH_SEARCH_PATHS = (
					"$(inherited)",
					"@executable_path/Frameworks",
					"@loader_path/Frameworks",
				);
				PRODUCT_BUNDLE_IDENTIFIER = com.Andrewbui.PhotosUITests;
				PRODUCT_NAME = "$(TARGET_NAME)";
				SWIFT_VERSION = 5.0;
				TARGETED_DEVICE_FAMILY = "1,2";
				TEST_TARGET_NAME = Photos;
			};
			name = Release;
		};
/* End XCBuildConfiguration section */

/* Begin XCConfigurationList section */
		D91B06EE22CFECAB009A8D5B /* Build configuration list for PBXProject "Photos" */ = {
			isa = XCConfigurationList;
			buildConfigurations = (
				D91B071C22CFECAC009A8D5B /* Debug */,
				D91B071D22CFECAC009A8D5B /* Release */,
			);
			defaultConfigurationIsVisible = 0;
			defaultConfigurationName = Release;
		};
		D91B071E22CFECAC009A8D5B /* Build configuration list for PBXNativeTarget "Photos" */ = {
			isa = XCConfigurationList;
			buildConfigurations = (
				D91B071F22CFECAC009A8D5B /* Debug */,
				D91B072022CFECAC009A8D5B /* Release */,
			);
			defaultConfigurationIsVisible = 0;
			defaultConfigurationName = Release;
		};
		D91B072122CFECAC009A8D5B /* Build configuration list for PBXNativeTarget "PhotosTests" */ = {
			isa = XCConfigurationList;
			buildConfigurations = (
				D91B072222CFECAC009A8D5B /* Debug */,
				D91B072322CFECAC009A8D5B /* Release */,
			);
			defaultConfigurationIsVisible = 0;
			defaultConfigurationName = Release;
		};
		D91B072422CFECAC009A8D5B /* Build configuration list for PBXNativeTarget "PhotosUITests" */ = {
			isa = XCConfigurationList;
			buildConfigurations = (
				D91B072522CFECAC009A8D5B /* Debug */,
				D91B072622CFECAC009A8D5B /* Release */,
			);
			defaultConfigurationIsVisible = 0;
			defaultConfigurationName = Release;
		};
/* End XCConfigurationList section */

/* Begin XCVersionGroup section */
		D91B06FD22CFECAB009A8D5B /* Photos.xcdatamodeld */ = {
			isa = XCVersionGroup;
			children = (
				D91B06FE22CFECAB009A8D5B /* Photos.xcdatamodel */,
			);
			currentVersion = D91B06FE22CFECAB009A8D5B /* Photos.xcdatamodel */;
			path = Photos.xcdatamodeld;
			sourceTree = "<group>";
			versionGroupType = wrapper.xcdatamodel;
		};
/* End XCVersionGroup section */
	};
	rootObject = D91B06EB22CFECAB009A8D5B /* Project object */;
}
